
Microsoft Visual Studio Solution File, Format Version 12.00
# Visual Studio Version 16
VisualStudioVersion = 16.0.31410.357
MinimumVisualStudioVersion = 10.0.40219.1
Project("{9A19103F-16F7-4668-BE54-9A1E7A4F7556}") = "Jaylosy.Nps.WebApi", "Jaylosy.Nps.WebApi.csproj", "{19013575-85BB-4BE8-8784-6A9E9364D40A}"
EndProject
Global
	GlobalSection(SolutionConfigurationPlatforms) = preSolution
		Debug|Any CPU = Debug|Any CPU
		Release|Any CPU = Release|Any CPU
	EndGlobalSection
	GlobalSection(ProjectConfigurationPlatforms) = postSolution
		{19013575-85BB-4BE8-8784-6A9E9364D40A}.Debug|Any CPU.ActiveCfg = Debug|Any CPU
		{19013575-85BB-4BE8-8784-6A9E9364D40A}.Debug|Any CPU.Build.0 = Debug|Any CPU
		{19013575-85BB-4BE8-8784-6A9E9364D40A}.Release|Any CPU.ActiveCfg = Release|Any CPU
		{19013575-85BB-4BE8-8784-6A9E9364D40A}.Release|Any CPU.Build.0 = Release|Any CPU
	EndGlobalSection
	GlobalSection(SolutionProperties) = preSolution
		HideSolutionNode = FALSE
	EndGlobalSection
	GlobalSection(ExtensibilityGlobals) = postSolution
		SolutionGuid = {F53C3DD0-B0A5-4DFE-94AA-10C161EBC42B}
	EndGlobalSection
EndGlobal
